
Microsoft Visual Studio Solution File, Format Version 12.00
# Visual Studio Version 17
VisualStudioVersion = 17.0.32002.185
MinimumVisualStudioVersion = 10.0.40219.1
Project("{FAE04EC0-301F-11D3-BF4B-00C04F79EFBC}") = "DirectoryApi", "DirectoryApi.csproj", "{0D8C1981-2710-4DCD-AEF1-DB77EA909A64}"
EndProject
Global
	GlobalSection(SolutionConfigurationPlatforms) = preSolution
		Debug|Any CPU = Debug|Any CPU
		Release|Any CPU = Release|Any CPU
	EndGlobalSection
	GlobalSection(ProjectConfigurationPlatforms) = postSolution
		{0D8C1981-2710-4DCD-AEF1-DB77EA909A64}.Debug|Any CPU.ActiveCfg = Debug|Any CPU
		{0D8C1981-2710-4DCD-AEF1-DB77EA909A64}.Debug|Any CPU.Build.0 = Debug|Any CPU
		{0D8C1981-2710-4DCD-AEF1-DB77EA909A64}.Release|Any CPU.ActiveCfg = Release|Any CPU
		{0D8C1981-2710-4DCD-AEF1-DB77EA909A64}.Release|Any CPU.Build.0 = Release|Any CPU
	EndGlobalSection
	GlobalSection(SolutionProperties) = preSolution
		HideSolutionNode = FALSE
	EndGlobalSection
	GlobalSection(ExtensibilityGlobals) = postSolution
		SolutionGuid = {AB6B84D8-9B2A-483A-BF9A-21007A5DDE42}
	EndGlobalSection
EndGlobal
